
Microsoft Visual Studio Solution File, Format Version 12.00
# Visual Studio Version 17
VisualStudioVersion = 17.9.34714.143
MinimumVisualStudioVersion = 10.0.40219.1
Project("{8BC9CEB8-8B4A-11D0-8D11-00A0C91BC942}") = "EteProjectTriatlon", "EteProjectTriatlon\EteProjectTriatlon.vcxproj", "{A8F8BA4B-9C2B-4468-A072-80BC4FA22314}"
EndProject
Global
	GlobalSection(SolutionConfigurationPlatforms) = preSolution
		Debug|x64 = Debug|x64
		Release|x64 = Release|x64
	EndGlobalSection
	GlobalSection(ProjectConfigurationPlatforms) = postSolution
		{A8F8BA4B-9C2B-4468-A072-80BC4FA22314}.Debug|x64.ActiveCfg = Debug|x64
		{A8F8BA4B-9C2B-4468-A072-80BC4FA22314}.Debug|x64.Build.0 = Debug|x64
		{A8F8BA4B-9C2B-4468-A072-80BC4FA22314}.Release|x64.ActiveCfg = Release|x64
		{A8F8BA4B-9C2B-4468-A072-80BC4FA22314}.Release|x64.Build.0 = Release|x64
	EndGlobalSection
	GlobalSection(SolutionProperties) = preSolution
		HideSolutionNode = FALSE
	EndGlobalSection
	GlobalSection(ExtensibilityGlobals) = postSolution
		SolutionGuid = {B19A80A6-D645-41BE-915B-240DB9755B39}
	EndGlobalSection
EndGlobal
